
Microsoft Visual Studio Solution File, Format Version 12.00
# Visual Studio Version 17
VisualStudioVersion = 17.11.35303.130
MinimumVisualStudioVersion = 10.0.40219.1
Project("{2150E333-8FDC-42A3-9474-1A3956D46DE8}") = "Task0", "Task0", "{65D13BF4-45CE-4BBF-8416-F96F1D94F8E4}"
EndProject
Project("{FAE04EC0-301F-11D3-BF4B-00C04F79EFBC}") = "Tyuiu.BozhukovVP.Sprint0.Task0.V0", "Tyuiu.BozhukovVP.Sprint0.Task0.V0\Tyuiu.BozhukovVP.Sprint0.Task0.V0.csproj", "{2D44E511-A5E2-48FD-A9A4-52E7B0DC0726}"
EndProject
Project("{2150E333-8FDC-42A3-9474-1A3956D46DE8}") = "Task1", "Task1", "{79EA284F-A1B1-4B2E-B577-EB749192246A}"
EndProject
Project("{FAE04EC0-301F-11D3-BF4B-00C04F79EFBC}") = "Tyuiu.BozhukovVP.Sprint0.Task1.V0", "Tyuiu.BozhukovVP.Sprint0.Task1.V0\Tyuiu.BozhukovVP.Sprint0.Task1.V0.csproj", "{4F05B0D8-2F00-4968-8CB0-B634747EAF6F}"
EndProject
Project("{2150E333-8FDC-42A3-9474-1A3956D46DE8}") = "Task2", "Task2", "{B65F2CF1-06B9-4FFE-8553-4DD48E424EC9}"
EndProject
Project("{FAE04EC0-301F-11D3-BF4B-00C04F79EFBC}") = "Tyuiu.BozhukovVP.Sprint0.Task2.V0", "Tyuiu.BozhukovVP.Sprint0.Task2.V0\Tyuiu.BozhukovVP.Sprint0.Task2.V0.csproj", "{FD6E505D-2FE5-45F7-8893-3CDC49E577F7}"
EndProject
Project("{FAE04EC0-301F-11D3-BF4B-00C04F79EFBC}") = "Tyuiu.BozhukovVP.Sprint0.Task2.V0.Lib", "Tyuiu.BozhukovVP.Sprint0.Task2.V0.lib\Tyuiu.BozhukovVP.Sprint0.Task2.V0.Lib.csproj", "{953EE1A8-02D2-4EE8-888F-5CA8AF809CEC}"
EndProject
Project("{FAE04EC0-301F-11D3-BF4B-00C04F79EFBC}") = "Tyuiu.BozhukovVP.Sprint0.Task2.V0.Test", "Tyuiu.BozhukovVP.Sprint0.Task2.V0.Test\Tyuiu.BozhukovVP.Sprint0.Task2.V0.Test.csproj", "{B9980ABC-46D4-4562-9160-7F59465F32CF}"
EndProject
Project("{2150E333-8FDC-42A3-9474-1A3956D46DE8}") = "Task3", "Task3", "{A8113B0A-EA8C-49CC-AB20-D47D1094AC29}"
EndProject
Project("{FAE04EC0-301F-11D3-BF4B-00C04F79EFBC}") = "Tyuiu.BozhukovVP.Sprint0.Task3.V0", "Tyuiu.BozhukovVP.Sprint0.Task3.V0\Tyuiu.BozhukovVP.Sprint0.Task3.V0.csproj", "{59DCB125-C61D-48C2-A8EA-F289E802B2FB}"
EndProject
Project("{FAE04EC0-301F-11D3-BF4B-00C04F79EFBC}") = "Tyuiu.BozhukovVP.Sprint0.Task3.V0.Lib", "Tyuiu.BozhukovVP.Sprint0.Task3.V0.Lib\Tyuiu.BozhukovVP.Sprint0.Task3.V0.Lib.csproj", "{EBF5A0A2-7A53-4A4E-AE62-AACFBE031978}"
EndProject
Project("{FAE04EC0-301F-11D3-BF4B-00C04F79EFBC}") = "Tyuiu.BozhukovVP.Sprint0.Task3.V0.Test", "Tyuiu.BozhukovVP.Sprint0.Task3.V0.Test\Tyuiu.BozhukovVP.Sprint0.Task3.V0.Test.csproj", "{EA7AA833-0A9C-4AE6-A774-B027F2735D5D}"
EndProject
Project("{2150E333-8FDC-42A3-9474-1A3956D46DE8}") = "Task4", "Task4", "{7F8B3601-396F-42CE-840E-3533AA28118E}"
EndProject
Project("{FAE04EC0-301F-11D3-BF4B-00C04F79EFBC}") = "Tyuiu.BozhukovVP.Sprint0.Task4.V0", "Tyuiu.BozhukovVP.Sprint0.Task4.V0\Tyuiu.BozhukovVP.Sprint0.Task4.V0.csproj", "{7F087E91-A9E2-4AB7-8C6E-7761CA2F7327}"
EndProject
Project("{FAE04EC0-301F-11D3-BF4B-00C04F79EFBC}") = "Tyuiu.BozhukovVP.Sprint0.Task4.V0.Lib", "Tyuiu.BozhukovVP.Sprint0.Task4.V0.Lib\Tyuiu.BozhukovVP.Sprint0.Task4.V0.Lib.csproj", "{B60DF280-1EED-46E5-849C-BE34BCCC85E5}"
EndProject
Project("{FAE04EC0-301F-11D3-BF4B-00C04F79EFBC}") = "Tyuiu.BozhukovVP.Sprint0.Task4.V0.Test", "Tyuiu.BozhukovVP.Sprint0.Task4.V0.Test\Tyuiu.BozhukovVP.Sprint0.Task4.V0.Test.csproj", "{B85730F9-FB97-4DFC-B119-F047531623D4}"
EndProject
Project("{2150E333-8FDC-42A3-9474-1A3956D46DE8}") = "Task5", "Task5", "{9C41858B-AEFC-4B2D-AB28-449649979823}"
EndProject
Project("{FAE04EC0-301F-11D3-BF4B-00C04F79EFBC}") = "Tyuiu.BozhukovVP.Sprint0.Task5.V0", "Tyuiu.BozhukovVP.Sprint0.Task5.V0\Tyuiu.BozhukovVP.Sprint0.Task5.V0.csproj", "{9800C793-D5F9-4D22-9ED4-550B8242CE6C}"
EndProject
Project("{FAE04EC0-301F-11D3-BF4B-00C04F79EFBC}") = "Tyuiu.BozhukovVP.Sprint0.Task5.V0.Lib", "Tyuiu.BozhukovVP.Sprint0.Task5.V0.Lib\Tyuiu.BozhukovVP.Sprint0.Task5.V0.Lib.csproj", "{BCBA1466-18E8-41FF-AD4A-8F01DB868439}"
EndProject
Project("{FAE04EC0-301F-11D3-BF4B-00C04F79EFBC}") = "Tyuiu.BozhukovVP.Sprint0.Task5.V0.Test", "Tyuiu.BozhukovVP.Sprint0.Task5.V0.Test\Tyuiu.BozhukovVP.Sprint0.Task5.V0.Test.csproj", "{119F8708-AAB4-4AC5-8521-7A7E5D5CB0C2}"
EndProject
Project("{2150E333-8FDC-42A3-9474-1A3956D46DE8}") = "Task6", "Task6", "{43CE520D-50E9-4846-BF78-8AB49B9BB724}"
EndProject
Project("{FAE04EC0-301F-11D3-BF4B-00C04F79EFBC}") = "Tyuiu.BozhukovVP.Sprint0.Task6.V0", "Tyuiu.BozhukovVP.Sprint0.Task6.V0\Tyuiu.BozhukovVP.Sprint0.Task6.V0.csproj", "{CFBE9A58-38A4-496D-B520-247E6F80D265}"
EndProject
Project("{FAE04EC0-301F-11D3-BF4B-00C04F79EFBC}") = "Tyuiu.BozhukovVP.Sprint0.Task6.V0.Lib", "Tyuiu.BozhukovVP.Sprint0.Task6.V0.Lib\Tyuiu.BozhukovVP.Sprint0.Task6.V0.Lib.csproj", "{5CBF0472-6DD9-46F6-9FCC-B302C26DD74C}"
EndProject
Project("{FAE04EC0-301F-11D3-BF4B-00C04F79EFBC}") = "Tyuiu.BozhukovVP.Sprint0.Task6.V0.Test", "Tyuiu.BozhukovVP.Sprint0.Task6.V0.Test\Tyuiu.BozhukovVP.Sprint0.Task6.V0.Test.csproj", "{2C823A41-BC5C-49AA-8BD8-5088AD4696EB}"
EndProject
Global
	GlobalSection(SolutionConfigurationPlatforms) = preSolution
		Debug|Any CPU = Debug|Any CPU
		Release|Any CPU = Release|Any CPU
	EndGlobalSection
	GlobalSection(ProjectConfigurationPlatforms) = postSolution
		{2D44E511-A5E2-48FD-A9A4-52E7B0DC0726}.Debug|Any CPU.ActiveCfg = Debug|Any CPU
		{2D44E511-A5E2-48FD-A9A4-52E7B0DC0726}.Debug|Any CPU.Build.0 = Debug|Any CPU
		{2D44E511-A5E2-48FD-A9A4-52E7B0DC0726}.Release|Any CPU.ActiveCfg = Release|Any CPU
		{2D44E511-A5E2-48FD-A9A4-52E7B0DC0726}.Release|Any CPU.Build.0 = Release|Any CPU
		{4F05B0D8-2F00-4968-8CB0-B634747EAF6F}.Debug|Any CPU.ActiveCfg = Debug|Any CPU
		{4F05B0D8-2F00-4968-8CB0-B634747EAF6F}.Debug|Any CPU.Build.0 = Debug|Any CPU
		{4F05B0D8-2F00-4968-8CB0-B634747EAF6F}.Release|Any CPU.ActiveCfg = Release|Any CPU
		{4F05B0D8-2F00-4968-8CB0-B634747EAF6F}.Release|Any CPU.Build.0 = Release|Any CPU
		{FD6E505D-2FE5-45F7-8893-3CDC49E577F7}.Debug|Any CPU.ActiveCfg = Debug|Any CPU
		{FD6E505D-2FE5-45F7-8893-3CDC49E577F7}.Debug|Any CPU.Build.0 = Debug|Any CPU
		{FD6E505D-2FE5-45F7-8893-3CDC49E577F7}.Release|Any CPU.ActiveCfg = Release|Any CPU
		{FD6E505D-2FE5-45F7-8893-3CDC49E577F7}.Release|Any CPU.Build.0 = Release|Any CPU
		{953EE1A8-02D2-4EE8-888F-5CA8AF809CEC}.Debug|Any CPU.ActiveCfg = Debug|Any CPU
		{953EE1A8-02D2-4EE8-888F-5CA8AF809CEC}.Debug|Any CPU.Build.0 = Debug|Any CPU
		{953EE1A8-02D2-4EE8-888F-5CA8AF809CEC}.Release|Any CPU.ActiveCfg = Release|Any CPU
		{953EE1A8-02D2-4EE8-888F-5CA8AF809CEC}.Release|Any CPU.Build.0 = Release|Any CPU
		{B9980ABC-46D4-4562-9160-7F59465F32CF}.Debug|Any CPU.ActiveCfg = Debug|Any CPU
		{B9980ABC-46D4-4562-9160-7F59465F32CF}.Debug|Any CPU.Build.0 = Debug|Any CPU
		{B9980ABC-46D4-4562-9160-7F59465F32CF}.Release|Any CPU.ActiveCfg = Release|Any CPU
		{B9980ABC-46D4-4562-9160-7F59465F32CF}.Release|Any CPU.Build.0 = Release|Any CPU
		{59DCB125-C61D-48C2-A8EA-F289E802B2FB}.Debug|Any CPU.ActiveCfg = Debug|Any CPU
		{59DCB125-C61D-48C2-A8EA-F289E802B2FB}.Debug|Any CPU.Build.0 = Debug|Any CPU
		{59DCB125-C61D-48C2-A8EA-F289E802B2FB}.Release|Any CPU.ActiveCfg = Release|Any CPU
		{59DCB125-C61D-48C2-A8EA-F289E802B2FB}.Release|Any CPU.Build.0 = Release|Any CPU
		{EBF5A0A2-7A53-4A4E-AE62-AACFBE031978}.Debug|Any CPU.ActiveCfg = Debug|Any CPU
		{EBF5A0A2-7A53-4A4E-AE62-AACFBE031978}.Debug|Any CPU.Build.0 = Debug|Any CPU
		{EBF5A0A2-7A53-4A4E-AE62-AACFBE031978}.Release|Any CPU.ActiveCfg = Release|Any CPU
		{EBF5A0A2-7A53-4A4E-AE62-AACFBE031978}.Release|Any CPU.Build.0 = Release|Any CPU
		{EA7AA833-0A9C-4AE6-A774-B027F2735D5D}.Debug|Any CPU.ActiveCfg = Debug|Any CPU
		{EA7AA833-0A9C-4AE6-A774-B027F2735D5D}.Debug|Any CPU.Build.0 = Debug|Any CPU
		{EA7AA833-0A9C-4AE6-A774-B027F2735D5D}.Release|Any CPU.ActiveCfg = Release|Any CPU
		{EA7AA833-0A9C-4AE6-A774-B027F2735D5D}.Release|Any CPU.Build.0 = Release|Any CPU
		{7F087E91-A9E2-4AB7-8C6E-7761CA2F7327}.Debug|Any CPU.ActiveCfg = Debug|Any CPU
		{7F087E91-A9E2-4AB7-8C6E-7761CA2F7327}.Debug|Any CPU.Build.0 = Debug|Any CPU
		{7F087E91-A9E2-4AB7-8C6E-7761CA2F7327}.Release|Any CPU.ActiveCfg = Release|Any CPU
		{7F087E91-A9E2-4AB7-8C6E-7761CA2F7327}.Release|Any CPU.Build.0 = Release|Any CPU
		{B60DF280-1EED-46E5-849C-BE34BCCC85E5}.Debug|Any CPU.ActiveCfg = Debug|Any CPU
		{B60DF280-1EED-46E5-849C-BE34BCCC85E5}.Debug|Any CPU.Build.0 = Debug|Any CPU
		{B60DF280-1EED-46E5-849C-BE34BCCC85E5}.Release|Any CPU.ActiveCfg = Release|Any CPU
		{B60DF280-1EED-46E5-849C-BE34BCCC85E5}.Release|Any CPU.Build.0 = Release|Any CPU
		{B85730F9-FB97-4DFC-B119-F047531623D4}.Debug|Any CPU.ActiveCfg = Debug|Any CPU
		{B85730F9-FB97-4DFC-B119-F047531623D4}.Debug|Any CPU.Build.0 = Debug|Any CPU
		{B85730F9-FB97-4DFC-B119-F047531623D4}.Release|Any CPU.ActiveCfg = Release|Any CPU
		{B85730F9-FB97-4DFC-B119-F047531623D4}.Release|Any CPU.Build.0 = Release|Any CPU
		{9800C793-D5F9-4D22-9ED4-550B8242CE6C}.Debug|Any CPU.ActiveCfg = Debug|Any CPU
		{9800C793-D5F9-4D22-9ED4-550B8242CE6C}.Debug|Any CPU.Build.0 = Debug|Any CPU
		{9800C793-D5F9-4D22-9ED4-550B8242CE6C}.Release|Any CPU.ActiveCfg = Release|Any CPU
		{9800C793-D5F9-4D22-9ED4-550B8242CE6C}.Release|Any CPU.Build.0 = Release|Any CPU
		{BCBA1466-18E8-41FF-AD4A-8F01DB868439}.Debug|Any CPU.ActiveCfg = Debug|Any CPU
		{BCBA1466-18E8-41FF-AD4A-8F01DB868439}.Debug|Any CPU.Build.0 = Debug|Any CPU
		{BCBA1466-18E8-41FF-AD4A-8F01DB868439}.Release|Any CPU.ActiveCfg = Release|Any CPU
		{BCBA1466-18E8-41FF-AD4A-8F01DB868439}.Release|Any CPU.Build.0 = Release|Any CPU
		{119F8708-AAB4-4AC5-8521-7A7E5D5CB0C2}.Debug|Any CPU.ActiveCfg = Debug|Any CPU
		{119F8708-AAB4-4AC5-8521-7A7E5D5CB0C2}.Debug|Any CPU.Build.0 = Debug|Any CPU
		{119F8708-AAB4-4AC5-8521-7A7E5D5CB0C2}.Release|Any CPU.ActiveCfg = Release|Any CPU
		{119F8708-AAB4-4AC5-8521-7A7E5D5CB0C2}.Release|Any CPU.Build.0 = Release|Any CPU
		{CFBE9A58-38A4-496D-B520-247E6F80D265}.Debug|Any CPU.ActiveCfg = Debug|Any CPU
		{CFBE9A58-38A4-496D-B520-247E6F80D265}.Debug|Any CPU.Build.0 = Debug|Any CPU
		{CFBE9A58-38A4-496D-B520-247E6F80D265}.Release|Any CPU.ActiveCfg = Release|Any CPU
		{CFBE9A58-38A4-496D-B520-247E6F80D265}.Release|Any CPU.Build.0 = Release|Any CPU
		{5CBF0472-6DD9-46F6-9FCC-B302C26DD74C}.Debug|Any CPU.ActiveCfg = Debug|Any CPU
		{5CBF0472-6DD9-46F6-9FCC-B302C26DD74C}.Debug|Any CPU.Build.0 = Debug|Any CPU
		{5CBF0472-6DD9-46F6-9FCC-B302C26DD74C}.Release|Any CPU.ActiveCfg = Release|Any CPU
		{5CBF0472-6DD9-46F6-9FCC-B302C26DD74C}.Release|Any CPU.Build.0 = Release|Any CPU
		{2C823A41-BC5C-49AA-8BD8-5088AD4696EB}.Debug|Any CPU.ActiveCfg = Debug|Any CPU
		{2C823A41-BC5C-49AA-8BD8-5088AD4696EB}.Debug|Any CPU.Build.0 = Debug|Any CPU
		{2C823A41-BC5C-49AA-8BD8-5088AD4696EB}.Release|Any CPU.ActiveCfg = Release|Any CPU
		{2C823A41-BC5C-49AA-8BD8-5088AD4696EB}.Release|Any CPU.Build.0 = Release|Any CPU
	EndGlobalSection
	GlobalSection(SolutionProperties) = preSolution
		HideSolutionNode = FALSE
	EndGlobalSection
	GlobalSection(NestedProjects) = preSolution
		{2D44E511-A5E2-48FD-A9A4-52E7B0DC0726} = {65D13BF4-45CE-4BBF-8416-F96F1D94F8E4}
		{4F05B0D8-2F00-4968-8CB0-B634747EAF6F} = {79EA284F-A1B1-4B2E-B577-EB749192246A}
		{FD6E505D-2FE5-45F7-8893-3CDC49E577F7} = {B65F2CF1-06B9-4FFE-8553-4DD48E424EC9}
		{953EE1A8-02D2-4EE8-888F-5CA8AF809CEC} = {B65F2CF1-06B9-4FFE-8553-4DD48E424EC9}
		{B9980ABC-46D4-4562-9160-7F59465F32CF} = {B65F2CF1-06B9-4FFE-8553-4DD48E424EC9}
		{59DCB125-C61D-48C2-A8EA-F289E802B2FB} = {A8113B0A-EA8C-49CC-AB20-D47D1094AC29}
		{EBF5A0A2-7A53-4A4E-AE62-AACFBE031978} = {A8113B0A-EA8C-49CC-AB20-D47D1094AC29}
		{EA7AA833-0A9C-4AE6-A774-B027F2735D5D} = {A8113B0A-EA8C-49CC-AB20-D47D1094AC29}
		{7F087E91-A9E2-4AB7-8C6E-7761CA2F7327} = {7F8B3601-396F-42CE-840E-3533AA28118E}
		{B60DF280-1EED-46E5-849C-BE34BCCC85E5} = {7F8B3601-396F-42CE-840E-3533AA28118E}
		{B85730F9-FB97-4DFC-B119-F047531623D4} = {7F8B3601-396F-42CE-840E-3533AA28118E}
		{9800C793-D5F9-4D22-9ED4-550B8242CE6C} = {9C41858B-AEFC-4B2D-AB28-449649979823}
		{BCBA1466-18E8-41FF-AD4A-8F01DB868439} = {9C41858B-AEFC-4B2D-AB28-449649979823}
		{119F8708-AAB4-4AC5-8521-7A7E5D5CB0C2} = {9C41858B-AEFC-4B2D-AB28-449649979823}
		{CFBE9A58-38A4-496D-B520-247E6F80D265} = {43CE520D-50E9-4846-BF78-8AB49B9BB724}
		{5CBF0472-6DD9-46F6-9FCC-B302C26DD74C} = {43CE520D-50E9-4846-BF78-8AB49B9BB724}
		{2C823A41-BC5C-49AA-8BD8-5088AD4696EB} = {43CE520D-50E9-4846-BF78-8AB49B9BB724}
	EndGlobalSection
	GlobalSection(ExtensibilityGlobals) = postSolution
		SolutionGuid = {26DC59E0-A3C4-44CD-B477-BBFCE54DD717}
	EndGlobalSection
EndGlobal
